
Microsoft Visual Studio Solution File, Format Version 12.00
# Visual Studio Version 17
VisualStudioVersion = 17.6.33815.320
MinimumVisualStudioVersion = 10.0.40219.1
Project("{FAE04EC0-301F-11D3-BF4B-00C04F79EFBC}") = "CGO_Buoi10", "CGO_Buoi10\CGO_Buoi10.csproj", "{07316347-52DB-4792-9557-AD57B82BED57}"
EndProject
Project("{FAE04EC0-301F-11D3-BF4B-00C04F79EFBC}") = "CGO_Buoi10 IndexOutOfRangeException", "CGO_Buoi10 IndexOutOfRangeException\CGO_Buoi10 IndexOutOfRangeException.csproj", "{394F4B7D-C820-4D81-84C4-C1279CF7F6C6}"
EndProject
Global
	GlobalSection(SolutionConfigurationPlatforms) = preSolution
		Debug|Any CPU = Debug|Any CPU
		Release|Any CPU = Release|Any CPU
	EndGlobalSection
	GlobalSection(ProjectConfigurationPlatforms) = postSolution
		{07316347-52DB-4792-9557-AD57B82BED57}.Debug|Any CPU.ActiveCfg = Debug|Any CPU
		{07316347-52DB-4792-9557-AD57B82BED57}.Debug|Any CPU.Build.0 = Debug|Any CPU
		{07316347-52DB-4792-9557-AD57B82BED57}.Release|Any CPU.ActiveCfg = Release|Any CPU
		{07316347-52DB-4792-9557-AD57B82BED57}.Release|Any CPU.Build.0 = Release|Any CPU
		{394F4B7D-C820-4D81-84C4-C1279CF7F6C6}.Debug|Any CPU.ActiveCfg = Debug|Any CPU
		{394F4B7D-C820-4D81-84C4-C1279CF7F6C6}.Debug|Any CPU.Build.0 = Debug|Any CPU
		{394F4B7D-C820-4D81-84C4-C1279CF7F6C6}.Release|Any CPU.ActiveCfg = Release|Any CPU
		{394F4B7D-C820-4D81-84C4-C1279CF7F6C6}.Release|Any CPU.Build.0 = Release|Any CPU
	EndGlobalSection
	GlobalSection(SolutionProperties) = preSolution
		HideSolutionNode = FALSE
	EndGlobalSection
	GlobalSection(ExtensibilityGlobals) = postSolution
		SolutionGuid = {950C5E63-CE5C-432F-B9A4-3844F3318054}
	EndGlobalSection
EndGlobal
