
Microsoft Visual Studio Solution File, Format Version 12.00
# Visual Studio Version 17
VisualStudioVersion = 17.6.33815.320
MinimumVisualStudioVersion = 10.0.40219.1
Project("{FAE04EC0-301F-11D3-BF4B-00C04F79EFBC}") = "CGO_Buoi08", "CGO_Buoi08\CGO_Buoi08.csproj", "{47F1E5B0-1CEB-4205-9A23-F4A5BB88DF02}"
EndProject
Global
	GlobalSection(SolutionConfigurationPlatforms) = preSolution
		Debug|Any CPU = Debug|Any CPU
		Release|Any CPU = Release|Any CPU
	EndGlobalSection
	GlobalSection(ProjectConfigurationPlatforms) = postSolution
		{47F1E5B0-1CEB-4205-9A23-F4A5BB88DF02}.Debug|Any CPU.ActiveCfg = Debug|Any CPU
		{47F1E5B0-1CEB-4205-9A23-F4A5BB88DF02}.Debug|Any CPU.Build.0 = Debug|Any CPU
		{47F1E5B0-1CEB-4205-9A23-F4A5BB88DF02}.Release|Any CPU.ActiveCfg = Release|Any CPU
		{47F1E5B0-1CEB-4205-9A23-F4A5BB88DF02}.Release|Any CPU.Build.0 = Release|Any CPU
	EndGlobalSection
	GlobalSection(SolutionProperties) = preSolution
		HideSolutionNode = FALSE
	EndGlobalSection
	GlobalSection(ExtensibilityGlobals) = postSolution
		SolutionGuid = {640394C0-8C86-4C68-9497-A4C59C65037F}
	EndGlobalSection
EndGlobal
