
Microsoft Visual Studio Solution File, Format Version 12.00
# Visual Studio Version 17
VisualStudioVersion = 17.6.33815.320
MinimumVisualStudioVersion = 10.0.40219.1
Project("{FAE04EC0-301F-11D3-BF4B-00C04F79EFBC}") = "CGO_Buoi01", "CGO_Buoi01\CGO_Buoi01.csproj", "{4AAF46E6-39CC-4389-829E-C5490E9E53F1}"
EndProject
Global
	GlobalSection(SolutionConfigurationPlatforms) = preSolution
		Debug|Any CPU = Debug|Any CPU
		Release|Any CPU = Release|Any CPU
	EndGlobalSection
	GlobalSection(ProjectConfigurationPlatforms) = postSolution
		{4AAF46E6-39CC-4389-829E-C5490E9E53F1}.Debug|Any CPU.ActiveCfg = Debug|Any CPU
		{4AAF46E6-39CC-4389-829E-C5490E9E53F1}.Debug|Any CPU.Build.0 = Debug|Any CPU
		{4AAF46E6-39CC-4389-829E-C5490E9E53F1}.Release|Any CPU.ActiveCfg = Release|Any CPU
		{4AAF46E6-39CC-4389-829E-C5490E9E53F1}.Release|Any CPU.Build.0 = Release|Any CPU
	EndGlobalSection
	GlobalSection(SolutionProperties) = preSolution
		HideSolutionNode = FALSE
	EndGlobalSection
	GlobalSection(ExtensibilityGlobals) = postSolution
		SolutionGuid = {D7B78972-D90C-4A01-B70D-3DDCE571630D}
	EndGlobalSection
EndGlobal
